Microsoft Visual Studio Solution File, Format Version 12.00
# Visual Studio 2012
Project("{FAE04EC0-301F-11D3-BF4B-00C04F79EFBC}") = "Dr Mario VS", "Dr Mario VS.csproj", "{88FE9A25-D948-498E-B02B-33FCCF5050BD}"
EndProject
Global
	GlobalSection(SolutionConfigurationPlatforms) = preSolution
	Debug|Any CPU = Debug|Any CPU
	ExportDebug|Any CPU = ExportDebug|Any CPU
	ExportRelease|Any CPU = ExportRelease|Any CPU
	EndGlobalSection
	GlobalSection(ProjectConfigurationPlatforms) = postSolution
		{88FE9A25-D948-498E-B02B-33FCCF5050BD}.Debug|Any CPU.ActiveCfg = Debug|Any CPU
		{88FE9A25-D948-498E-B02B-33FCCF5050BD}.Debug|Any CPU.Build.0 = Debug|Any CPU
		{88FE9A25-D948-498E-B02B-33FCCF5050BD}.ExportDebug|Any CPU.ActiveCfg = ExportDebug|Any CPU
		{88FE9A25-D948-498E-B02B-33FCCF5050BD}.ExportDebug|Any CPU.Build.0 = ExportDebug|Any CPU
		{88FE9A25-D948-498E-B02B-33FCCF5050BD}.ExportRelease|Any CPU.ActiveCfg = ExportRelease|Any CPU
		{88FE9A25-D948-498E-B02B-33FCCF5050BD}.ExportRelease|Any CPU.Build.0 = ExportRelease|Any CPU
	EndGlobalSection
EndGlobal
